
Microsoft Visual Studio Solution File, Format Version 12.00
# Visual Studio 15
VisualStudioVersion = 15.0.26124.0
MinimumVisualStudioVersion = 15.0.26124.0
Project("{2150E333-8FDC-42A3-9474-1A3956D46DE8}") = "src", "src", "{A7FC2EAF-4D78-4BDE-BF51-0DA2F9F1DC4C}"
EndProject
Project("{FAE04EC0-301F-11D3-BF4B-00C04F79EFBC}") = "SnipCLI", "src\SnipCLI\SnipCLI.csproj", "{F3EE9296-86EA-41AB-9075-290EFA9FFA7A}"
EndProject
Project("{2150E333-8FDC-42A3-9474-1A3956D46DE8}") = "test", "test", "{18457481-01D6-4077-83B7-DBF515976BF3}"
EndProject
Project("{FAE04EC0-301F-11D3-BF4B-00C04F79EFBC}") = "SnipCLI.Tests", "test\SnipCLI.Tests\SnipCLI.Tests.csproj", "{1632E510-BF9D-4A4A-A631-59EC5D75D2EE}"
EndProject
Global
	GlobalSection(SolutionConfigurationPlatforms) = preSolution
		Debug|Any CPU = Debug|Any CPU
		Debug|x64 = Debug|x64
		Debug|x86 = Debug|x86
		Release|Any CPU = Release|Any CPU
		Release|x64 = Release|x64
		Release|x86 = Release|x86
	EndGlobalSection
	GlobalSection(SolutionProperties) = preSolution
		HideSolutionNode = FALSE
	EndGlobalSection
	GlobalSection(ProjectConfigurationPlatforms) = postSolution
		{F3EE9296-86EA-41AB-9075-290EFA9FFA7A}.Debug|Any CPU.ActiveCfg = Debug|Any CPU
		{F3EE9296-86EA-41AB-9075-290EFA9FFA7A}.Debug|Any CPU.Build.0 = Debug|Any CPU
		{F3EE9296-86EA-41AB-9075-290EFA9FFA7A}.Debug|x64.ActiveCfg = Debug|Any CPU
		{F3EE9296-86EA-41AB-9075-290EFA9FFA7A}.Debug|x64.Build.0 = Debug|Any CPU
		{F3EE9296-86EA-41AB-9075-290EFA9FFA7A}.Debug|x86.ActiveCfg = Debug|Any CPU
		{F3EE9296-86EA-41AB-9075-290EFA9FFA7A}.Debug|x86.Build.0 = Debug|Any CPU
		{F3EE9296-86EA-41AB-9075-290EFA9FFA7A}.Release|Any CPU.ActiveCfg = Release|Any CPU
		{F3EE9296-86EA-41AB-9075-290EFA9FFA7A}.Release|Any CPU.Build.0 = Release|Any CPU
		{F3EE9296-86EA-41AB-9075-290EFA9FFA7A}.Release|x64.ActiveCfg = Release|Any CPU
		{F3EE9296-86EA-41AB-9075-290EFA9FFA7A}.Release|x64.Build.0 = Release|Any CPU
		{F3EE9296-86EA-41AB-9075-290EFA9FFA7A}.Release|x86.ActiveCfg = Release|Any CPU
		{F3EE9296-86EA-41AB-9075-290EFA9FFA7A}.Release|x86.Build.0 = Release|Any CPU
		{1632E510-BF9D-4A4A-A631-59EC5D75D2EE}.Debug|Any CPU.ActiveCfg = Debug|Any CPU
		{1632E510-BF9D-4A4A-A631-59EC5D75D2EE}.Debug|Any CPU.Build.0 = Debug|Any CPU
		{1632E510-BF9D-4A4A-A631-59EC5D75D2EE}.Debug|x64.ActiveCfg = Debug|Any CPU
		{1632E510-BF9D-4A4A-A631-59EC5D75D2EE}.Debug|x64.Build.0 = Debug|Any CPU
		{1632E510-BF9D-4A4A-A631-59EC5D75D2EE}.Debug|x86.ActiveCfg = Debug|Any CPU
		{1632E510-BF9D-4A4A-A631-59EC5D75D2EE}.Debug|x86.Build.0 = Debug|Any CPU
		{1632E510-BF9D-4A4A-A631-59EC5D75D2EE}.Release|Any CPU.ActiveCfg = Release|Any CPU
		{1632E510-BF9D-4A4A-A631-59EC5D75D2EE}.Release|Any CPU.Build.0 = Release|Any CPU
		{1632E510-BF9D-4A4A-A631-59EC5D75D2EE}.Release|x64.ActiveCfg = Release|Any CPU
		{1632E510-BF9D-4A4A-A631-59EC5D75D2EE}.Release|x64.Build.0 = Release|Any CPU
		{1632E510-BF9D-4A4A-A631-59EC5D75D2EE}.Release|x86.ActiveCfg = Release|Any CPU
		{1632E510-BF9D-4A4A-A631-59EC5D75D2EE}.Release|x86.Build.0 = Release|Any CPU
	EndGlobalSection
	GlobalSection(NestedProjects) = preSolution
		{F3EE9296-86EA-41AB-9075-290EFA9FFA7A} = {A7FC2EAF-4D78-4BDE-BF51-0DA2F9F1DC4C}
		{1632E510-BF9D-4A4A-A631-59EC5D75D2EE} = {18457481-01D6-4077-83B7-DBF515976BF3}
	EndGlobalSection
EndGlobal
